dependencies:
  codewitch-honey-crisis/htcw_bits:
    component_hash: 013f44d33a195db1b80b6cf74329f51cadc7a72e9e3f232cc8671da8090cbb4a
    dependencies:
    - name: idf
      require: private
      version: '>=5.0.0'
    source:
      registry_url: https://components.espressif.com
      type: service
    version: 1.0.17
  codewitch-honey-crisis/htcw_data:
    component_hash: ef9ff0e13a36ea9e17ca12a13409d9d12710ba41e050afb4cee2e8e55090df82
    dependencies:
    - name: idf
      require: private
      version: '>=5.0.0'
    source:
      registry_url: https://components.espressif.com
      type: service
    version: 1.4.5
  codewitch-honey-crisis/htcw_esp_lcd_panel_ili9342:
    component_hash: cecedbd79563d145e43065215ad9217d78ee6d3d3187d6bdbf7e4eb82afae2e7
    dependencies:
    - name: idf
      require: private
      version: '>=5.0.0'
    source:
      registry_url: https://components.espressif.com/
      type: service
    version: 0.2.5
  codewitch-honey-crisis/htcw_esp_lcd_touch_ft6x36:
    component_hash: e9de5075c7f0babbe90117cf008a74cc437274072a5918e83998ae471798d31b
    dependencies:
    - name: espressif/esp_lcd_touch
      registry_url: https://components.espressif.com
      require: public
      version: ^1.0.4
    - name: idf
      require: private
      version: '>=5.0.0'
    source:
      registry_url: https://components.espressif.com/
      type: service
    version: 0.1.2
  codewitch-honey-crisis/htcw_esp_panel:
    component_hash: a5226d30ff7be6c314815cb67e3dd6b4bf9ce2b741bdb089141515463ce559cb
    dependencies:
    - name: idf
      require: private
      version: '>=5.0.0'
    source:
      registry_url: https://components.espressif.com/
      type: service
    version: 0.8.5
  codewitch-honey-crisis/htcw_frame_arq:
    component_hash: 62a78f53954f89527deab08c4afba618afa3f0029af473bbb1c3e8753388fcc9
    dependencies:
    - name: idf
      require: private
      version: '>=5.0.0'
    source:
      registry_url: https://components.espressif.com/
      type: service
    version: 0.1.1
  codewitch-honey-crisis/htcw_gfx:
    component_hash: 94b5372ea11ce1c74fc4a7b69175356d71324e8248b444c090f0c11c8f037d88
    dependencies:
    - name: codewitch-honey-crisis/htcw_data
      registry_url: https://components.espressif.com
      require: private
      version: ^1.4.5
    - name: codewitch-honey-crisis/htcw_ml
      registry_url: https://components.espressif.com
      require: private
      version: ^0.2.9
    - name: idf
      require: private
      version: '>=5.0.0'
    source:
      registry_url: https://components.espressif.com
      type: service
    version: 2.2.17
  codewitch-honey-crisis/htcw_io:
    component_hash: 53b400588d9ce6549c80fc96348d71a18bdb3325ee52acbb3240219447e9d841
    dependencies:
    - name: codewitch-honey-crisis/htcw_bits
      registry_url: https://components.espressif.com
      require: private
      version: ^1.0.17
    - name: idf
      require: private
      version: '>=5.0.0'
    source:
      registry_url: https://components.espressif.com
      type: service
    version: 1.4.1
  codewitch-honey-crisis/htcw_m5_stack_core2_power:
    component_hash: 49f53be7546cc6c4ebce82d614b164931a7b5247b5a26fa6d4290ab482611ecb
    dependencies:
    - name: idf
      require: private
      version: '>=5.0.0'
    source:
      registry_url: https://components.espressif.com/
      type: service
    version: 0.1.4
  codewitch-honey-crisis/htcw_ml:
    component_hash: 7c7514f1a38f9c0fd3697bcaa88b4b2819702499ef3e50f9965cba90319e9800
    dependencies:
    - name: codewitch-honey-crisis/htcw_io
      registry_url: https://components.espressif.com
      require: private
      version: ^1.4.1
    - name: idf
      require: private
      version: '>=5.0.0'
    source:
      registry_url: https://components.espressif.com
      type: service
    version: 0.2.9
  codewitch-honey-crisis/htcw_uix:
    component_hash: 58d8559463ba011650d0c653603b929988dc12e7faf59a2902387b6027754b24
    dependencies:
    - name: codewitch-honey-crisis/htcw_gfx
      registry_url: https://components.espressif.com
      require: private
      version: ^2.2.17
    - name: idf
      require: private
      version: '>=5.0.0'
    source:
      registry_url: https://components.espressif.com/
      type: service
    version: 1.9.3
  espressif/esp_lcd_touch:
    component_hash: 3f85a7d95af876f1a6ecca8eb90a81614890d0f03a038390804e5a77e2caf862
    dependencies:
    - name: idf
      require: private
      version: '>=4.4.2'
    source:
      registry_url: https://components.espressif.com
      type: service
    version: 1.2.1
  idf:
    source:
      type: idf
    version: 5.5.2
direct_dependencies:
- codewitch-honey-crisis/htcw_esp_lcd_panel_ili9342
- codewitch-honey-crisis/htcw_esp_lcd_touch_ft6x36
- codewitch-honey-crisis/htcw_esp_panel
- codewitch-honey-crisis/htcw_frame_arq
- codewitch-honey-crisis/htcw_m5_stack_core2_power
- codewitch-honey-crisis/htcw_uix
- idf
manifest_hash: 3c7af9a2175908945ac67173d4095dc64f4eb76ccb4e090d86d2394d37ffd0e9
target: esp32
version: 2.0.0
