dependencies:
  codewitch-honey-crisis/esp_lcd_touch_xpt2046:
    component_hash: e02c0ed86276f3ed565f0d3b17ad289f666e20ab004beb9d0ff2ea17ab7b4bec
    dependencies:
    - name: espressif/esp_lcd_touch
      registry_url: https://components.espressif.com
      require: public
      version: ^1.1.0
    - name: idf
      require: private
      version: '>=5.0.0'
    source:
      registry_url: https://components.espressif.com/
      type: service
    version: 0.2.0
  codewitch-honey-crisis/htcw_bits:
    component_hash: 013f44d33a195db1b80b6cf74329f51cadc7a72e9e3f232cc8671da8090cbb4a
    dependencies:
    - name: idf
      require: private
      version: '>=5.0.0'
    source:
      registry_url: https://components.espressif.com
      type: service
    version: 1.0.17
  codewitch-honey-crisis/htcw_data:
    component_hash: ef9ff0e13a36ea9e17ca12a13409d9d12710ba41e050afb4cee2e8e55090df82
    dependencies:
    - name: idf
      require: private
      version: '>=5.0.0'
    source:
      registry_url: https://components.espressif.com
      type: service
    version: 1.4.5
  codewitch-honey-crisis/htcw_esp_panel:
    component_hash: a5226d30ff7be6c314815cb67e3dd6b4bf9ce2b741bdb089141515463ce559cb
    dependencies:
    - name: idf
      require: private
      version: '>=5.0.0'
    source:
      registry_url: https://components.espressif.com/
      type: service
    version: 0.8.5
  codewitch-honey-crisis/htcw_frame:
    component_hash: 6a88d7acc1b534272d6d6dacacd79561c3ff99c4a6edbf96e73b955eabf69009
    dependencies:
    - name: idf
      require: private
      version: '>=5.0.0'
    source:
      registry_url: https://components.espressif.com/
      type: service
    version: 0.1.5
  codewitch-honey-crisis/htcw_gfx:
    component_hash: 94b5372ea11ce1c74fc4a7b69175356d71324e8248b444c090f0c11c8f037d88
    dependencies:
    - name: codewitch-honey-crisis/htcw_data
      registry_url: https://components.espressif.com
      require: private
      version: ^1.4.5
    - name: codewitch-honey-crisis/htcw_ml
      registry_url: https://components.espressif.com
      require: private
      version: ^0.2.9
    - name: idf
      require: private
      version: '>=5.0.0'
    source:
      registry_url: https://components.espressif.com
      type: service
    version: 2.2.17
  codewitch-honey-crisis/htcw_io:
    component_hash: 53b400588d9ce6549c80fc96348d71a18bdb3325ee52acbb3240219447e9d841
    dependencies:
    - name: codewitch-honey-crisis/htcw_bits
      registry_url: https://components.espressif.com
      require: private
      version: ^1.0.17
    - name: idf
      require: private
      version: '>=5.0.0'
    source:
      registry_url: https://components.espressif.com
      type: service
    version: 1.4.1
  codewitch-honey-crisis/htcw_ml:
    component_hash: 7c7514f1a38f9c0fd3697bcaa88b4b2819702499ef3e50f9965cba90319e9800
    dependencies:
    - name: codewitch-honey-crisis/htcw_io
      registry_url: https://components.espressif.com
      require: private
      version: ^1.4.1
    - name: idf
      require: private
      version: '>=5.0.0'
    source:
      registry_url: https://components.espressif.com
      type: service
    version: 0.2.9
  codewitch-honey-crisis/htcw_uix:
    component_hash: 58d8559463ba011650d0c653603b929988dc12e7faf59a2902387b6027754b24
    dependencies:
    - name: codewitch-honey-crisis/htcw_gfx
      registry_url: https://components.espressif.com
      require: private
      version: ^2.2.17
    - name: idf
      require: private
      version: '>=5.0.0'
    source:
      registry_url: https://components.espressif.com/
      type: service
    version: 1.9.3
  espressif/cmake_utilities:
    component_hash: 351350613ceafba240b761b4ea991e0f231ac7a9f59a9ee901f751bddc0bb18f
    dependencies:
    - name: idf
      require: private
      version: '>=4.1'
    source:
      registry_url: https://components.espressif.com
      type: service
    version: 0.5.3
  espressif/esp_lcd_ili9341:
    component_hash: 0baab584e0e490511d6bdbae6aa045130424d732ecdaad6cd1d3bd3c0abe2c30
    dependencies:
    - name: espressif/cmake_utilities
      registry_url: https://components.espressif.com
      require: private
      version: 0.*
    - name: idf
      require: private
      version: '>=4.4'
    source:
      registry_url: https://components.espressif.com/
      type: service
    version: 2.0.2
  espressif/esp_lcd_touch:
    component_hash: 3f85a7d95af876f1a6ecca8eb90a81614890d0f03a038390804e5a77e2caf862
    dependencies:
    - name: idf
      require: private
      version: '>=4.4.2'
    source:
      registry_url: https://components.espressif.com
      type: service
    version: 1.2.1
  idf:
    source:
      type: idf
    version: 5.5.2
direct_dependencies:
- codewitch-honey-crisis/esp_lcd_touch_xpt2046
- codewitch-honey-crisis/htcw_esp_panel
- codewitch-honey-crisis/htcw_frame
- codewitch-honey-crisis/htcw_uix
- espressif/esp_lcd_ili9341
- idf
manifest_hash: 382dbf22a705e992d091ef61083f049c0a4b9b029bccbc01697bfcf6f17dd4eb
target: esp32
version: 2.0.0
